
Microsoft Visual Studio Solution File, Format Version 12.00
# Visual Studio 15
Project("{FAE04EC0-301F-11D3-BF4B-00C04F79EFBC}") = "Assembly-CSharp", "Assembly-CSharp.csproj", "{FF48E947-7ADF-BC88-BFAC-98425153806F}"
EndProject
Project("{FAE04EC0-301F-11D3-BF4B-00C04F79EFBC}") = "Assembly-CSharp-Editor", "Assembly-CSharp-Editor.csproj", "{1DBF4059-53F1-1F9A-3473-C0E4E6EEFB8D}"
EndProject
Global
	GlobalSection(SolutionConfigurationPlatforms) = preSolution
		Debug|Any CPU = Debug|Any CPU
		Release|Any CPU = Release|Any CPU
	EndGlobalSection
	GlobalSection(ProjectConfigurationPlatforms) = postSolution
		{FF48E947-7ADF-BC88-BFAC-98425153806F}.Debug|Any CPU.ActiveCfg = Debug|Any CPU
		{FF48E947-7ADF-BC88-BFAC-98425153806F}.Debug|Any CPU.Build.0 = Debug|Any CPU
		{FF48E947-7ADF-BC88-BFAC-98425153806F}.Release|Any CPU.ActiveCfg = Release|Any CPU
		{FF48E947-7ADF-BC88-BFAC-98425153806F}.Release|Any CPU.Build.0 = Release|Any CPU
		{1DBF4059-53F1-1F9A-3473-C0E4E6EEFB8D}.Debug|Any CPU.ActiveCfg = Debug|Any CPU
		{1DBF4059-53F1-1F9A-3473-C0E4E6EEFB8D}.Debug|Any CPU.Build.0 = Debug|Any CPU
		{1DBF4059-53F1-1F9A-3473-C0E4E6EEFB8D}.Release|Any CPU.ActiveCfg = Release|Any CPU
		{1DBF4059-53F1-1F9A-3473-C0E4E6EEFB8D}.Release|Any CPU.Build.0 = Release|Any CPU
	EndGlobalSection
	GlobalSection(SolutionProperties) = preSolution
		HideSolutionNode = FALSE
	EndGlobalSection
EndGlobal
